
Microsoft Visual Studio Solution File, Format Version 12.00
# Visual Studio Version 16
VisualStudioVersion = 16.0.31005.135
MinimumVisualStudioVersion = 10.0.40219.1
Project("{FAE04EC0-301F-11D3-BF4B-00C04F79EFBC}") = "week5", "week5\week5.csproj", "{7EC1BB98-A832-4A23-8FDD-6DC6B99BDF44}"
EndProject
Global
	GlobalSection(SolutionConfigurationPlatforms) = preSolution
		Debug|Any CPU = Debug|Any CPU
		Release|Any CPU = Release|Any CPU
	EndGlobalSection
	GlobalSection(ProjectConfigurationPlatforms) = postSolution
		{7EC1BB98-A832-4A23-8FDD-6DC6B99BDF44}.Debug|Any CPU.ActiveCfg = Debug|Any CPU
		{7EC1BB98-A832-4A23-8FDD-6DC6B99BDF44}.Debug|Any CPU.Build.0 = Debug|Any CPU
		{7EC1BB98-A832-4A23-8FDD-6DC6B99BDF44}.Release|Any CPU.ActiveCfg = Release|Any CPU
		{7EC1BB98-A832-4A23-8FDD-6DC6B99BDF44}.Release|Any CPU.Build.0 = Release|Any CPU
	EndGlobalSection
	GlobalSection(SolutionProperties) = preSolution
		HideSolutionNode = FALSE
	EndGlobalSection
	GlobalSection(ExtensibilityGlobals) = postSolution
		SolutionGuid = {24B2B26F-E0F8-4246-BA1C-6B056B8080D7}
	EndGlobalSection
EndGlobal
